
Microsoft Visual Studio Solution File, Format Version 12.00
# Visual Studio 15
VisualStudioVersion = 15.0.28307.902
MinimumVisualStudioVersion = 10.0.40219.1
Project("{FAE04EC0-301F-11D3-BF4B-00C04F79EFBC}") = "OilManage", "OilManage\OilManage.csproj", "{F368AC94-2D23-4DE8-A622-332254899DCF}"
EndProject
Global
	GlobalSection(SolutionConfigurationPlatforms) = preSolution
		Debug|Any CPU = Debug|Any CPU
		Release|Any CPU = Release|Any CPU
	EndGlobalSection
	GlobalSection(ProjectConfigurationPlatforms) = postSolution
		{F368AC94-2D23-4DE8-A622-332254899DCF}.Debug|Any CPU.ActiveCfg = Debug|Any CPU
		{F368AC94-2D23-4DE8-A622-332254899DCF}.Debug|Any CPU.Build.0 = Debug|Any CPU
		{F368AC94-2D23-4DE8-A622-332254899DCF}.Release|Any CPU.ActiveCfg = Release|Any CPU
		{F368AC94-2D23-4DE8-A622-332254899DCF}.Release|Any CPU.Build.0 = Release|Any CPU
	EndGlobalSection
	GlobalSection(SolutionProperties) = preSolution
		HideSolutionNode = FALSE
	EndGlobalSection
	GlobalSection(ExtensibilityGlobals) = postSolution
		SolutionGuid = {2430B05F-C10F-4BCD-9730-A510ED5B097D}
	EndGlobalSection
EndGlobal
